// !$*UTF8*$!
{
	archiveVersion = 1;
	classes = {
	};
	objectVersion = 55;
	objects = {

/* Begin PBXBuildFile section */
		CEC8E07E28CBD35400388EB6 /* Convert_It_App.swift in Sources */ = {isa = PBXBuildFile; fileRef = CEC8E07D28CBD35400388EB6 /* Convert_It_App.swift */; };
		CEC8E08028CBD35400388EB6 /* MainView.swift in Sources */ = {isa = PBXBuildFile; fileRef = CEC8E07F28CBD35400388EB6 /* MainView.swift */; };
		CEC8E08228CBD35600388EB6 /* Assets.xcassets in Resources */ = {isa = PBXBuildFile; fileRef = CEC8E08128CBD35600388EB6 /* Assets.xcassets */; };
		CEC8E08528CBD35600388EB6 /* Preview Assets.xcassets in Resources */ = {isa = PBXBuildFile; fileRef = CEC8E08428CBD35600388EB6 /* Preview Assets.xcassets */; };
		CEC8E09028CBD55F00388EB6 /* TempView.swift in Sources */ = {isa = PBXBuildFile; fileRef = CEC8E08F28CBD55F00388EB6 /* TempView.swift */; };
		CEC8E09228CBDA3000388EB6 /* LengthView.swift in Sources */ = {isa = PBXBuildFile; fileRef = CEC8E09128CBDA3000388EB6 /* LengthView.swift */; };
		CEC8E09428CBDA4A00388EB6 /* TimeView.swift in Sources */ = {isa = PBXBuildFile; fileRef = CEC8E09328CBDA4A00388EB6 /* TimeView.swift */; };
		CEC8E09628CBDA5D00388EB6 /* VolumeView.swift in Sources */ = {isa = PBXBuildFile; fileRef = CEC8E09528CBDA5C00388EB6 /* VolumeView.swift */; };
		CEC8E09828CBDAE800388EB6 /* TempConversions.swift in Sources */ = {isa = PBXBuildFile; fileRef = CEC8E09728CBDAE800388EB6 /* TempConversions.swift */; };
		CEC8E09D28CCBD9500388EB6 /* TimeConversions.swift in Sources */ = {isa = PBXBuildFile; fileRef = CEC8E09C28CCBD9500388EB6 /* TimeConversions.swift */; };
/* End PBXBuildFile section */

/* Begin PBXFileReference section */
		CEC8E07A28CBD35400388EB6 /* Convert It!.app */ = {isa = PBXFileReference; explicitFileType = wrapper.application; includeInIndex = 0; path = "Convert It!.app"; sourceTree = BUILT_PRODUCTS_DIR; };
		CEC8E07D28CBD35400388EB6 /* Convert_It_App.swift */ = {isa = PBXFileReference; lastKnownFileType = sourcecode.swift; path = Convert_It_App.swift; sourceTree = "<group>"; };
		CEC8E07F28CBD35400388EB6 /* MainView.swift */ = {isa = PBXFileReference; lastKnownFileType = sourcecode.swift; path = MainView.swift; sourceTree = "<group>"; };
		CEC8E08128CBD35600388EB6 /* Assets.xcassets */ = {isa = PBXFileReference; lastKnownFileType = folder.assetcatalog; path = Assets.xcassets; sourceTree = "<group>"; };
		CEC8E08428CBD35600388EB6 /* Preview Assets.xcassets */ = {isa = PBXFileReference; lastKnownFileType = folder.assetcatalog; path = "Preview Assets.xcassets"; sourceTree = "<group>"; };
		CEC8E08F28CBD55F00388EB6 /* TempView.swift */ = {isa = PBXFileReference; lastKnownFileType = sourcecode.swift; path = TempView.swift; sourceTree = "<group>"; };
		CEC8E09128CBDA3000388EB6 /* LengthView.swift */ = {isa = PBXFileReference; lastKnownFileType = sourcecode.swift; path = LengthView.swift; sourceTree = "<group>"; };
		CEC8E09328CBDA4A00388EB6 /* TimeView.swift */ = {isa = PBXFileReference; lastKnownFileType = sourcecode.swift; path = TimeView.swift; sourceTree = "<group>"; };
		CEC8E09528CBDA5C00388EB6 /* VolumeView.swift */ = {isa = PBXFileReference; lastKnownFileType = sourcecode.swift; path = VolumeView.swift; sourceTree = "<group>"; };
		CEC8E09728CBDAE800388EB6 /* TempConversions.swift */ = {isa = PBXFileReference; lastKnownFileType = sourcecode.swift; path = TempConversions.swift; sourceTree = "<group>"; };
		CEC8E09C28CCBD9500388EB6 /* TimeConversions.swift */ = {isa = PBXFileReference; lastKnownFileType = sourcecode.swift; path = TimeConversions.swift; sourceTree = "<group>"; };
/* End PBXFileReference section */

/* Begin PBXFrameworksBuildPhase section */
		CEC8E07728CBD35400388EB6 /* Frameworks */ = {
			isa = PBXFrameworksBuildPhase;
			buildActionMask = 2147483647;
			files = (
			);
			runOnlyForDeploymentPostprocessing = 0;
		};
/* End PBXFrameworksBuildPhase section */

/* Begin PBXGroup section */
		CEC8E07128CBD35400388EB6 = {
			isa = PBXGroup;
			children = (
				CEC8E07C28CBD35400388EB6 /* Convert It! */,
				CEC8E07B28CBD35400388EB6 /* Products */,
			);
			sourceTree = "<group>";
		};
		CEC8E07B28CBD35400388EB6 /* Products */ = {
			isa = PBXGroup;
			children = (
				CEC8E07A28CBD35400388EB6 /* Convert It!.app */,
			);
			name = Products;
			sourceTree = "<group>";
		};
		CEC8E07C28CBD35400388EB6 /* Convert It! */ = {
			isa = PBXGroup;
			children = (
				CEC8E07D28CBD35400388EB6 /* Convert_It_App.swift */,
				CEC8E08C28CBD3B700388EB6 /* Models */,
				CEC8E08B28CBD3A900388EB6 /* Views */,
				CEC8E08128CBD35600388EB6 /* Assets.xcassets */,
				CEC8E08328CBD35600388EB6 /* Preview Content */,
			);
			path = "Convert It!";
			sourceTree = "<group>";
		};
		CEC8E08328CBD35600388EB6 /* Preview Content */ = {
			isa = PBXGroup;
			children = (
				CEC8E08428CBD35600388EB6 /* Preview Assets.xcassets */,
			);
			path = "Preview Content";
			sourceTree = "<group>";
		};
		CEC8E08B28CBD3A900388EB6 /* Views */ = {
			isa = PBXGroup;
			children = (
				CEC8E07F28CBD35400388EB6 /* MainView.swift */,
				CEC8E08F28CBD55F00388EB6 /* TempView.swift */,
				CEC8E09128CBDA3000388EB6 /* LengthView.swift */,
				CEC8E09328CBDA4A00388EB6 /* TimeView.swift */,
				CEC8E09528CBDA5C00388EB6 /* VolumeView.swift */,
			);
			path = Views;
			sourceTree = "<group>";
		};
		CEC8E08C28CBD3B700388EB6 /* Models */ = {
			isa = PBXGroup;
			children = (
				CEC8E09728CBDAE800388EB6 /* TempConversions.swift */,
				CEC8E09C28CCBD9500388EB6 /* TimeConversions.swift */,
			);
			path = Models;
			sourceTree = "<group>";
		};
/* End PBXGroup section */

/* Begin PBXNativeTarget section */
		CEC8E07928CBD35400388EB6 /* Convert It! */ = {
			isa = PBXNativeTarget;
			buildConfigurationList = CEC8E08828CBD35600388EB6 /* Build configuration list for PBXNativeTarget "Convert It!" */;
			buildPhases = (
				CEC8E07628CBD35400388EB6 /* Sources */,
				CEC8E07728CBD35400388EB6 /* Frameworks */,
				CEC8E07828CBD35400388EB6 /* Resources */,
			);
			buildRules = (
			);
			dependencies = (
			);
			name = "Convert It!";
			productName = "Convert It!";
			productReference = CEC8E07A28CBD35400388EB6 /* Convert It!.app */;
			productType = "com.apple.product-type.application";
		};
/* End PBXNativeTarget section */

/* Begin PBXProject section */
		CEC8E07228CBD35400388EB6 /* Project object */ = {
			isa = PBXProject;
			attributes = {
				BuildIndependentTargetsInParallel = 1;
				LastSwiftUpdateCheck = 1340;
				LastUpgradeCheck = 1340;
				TargetAttributes = {
					CEC8E07928CBD35400388EB6 = {
						CreatedOnToolsVersion = 13.4.1;
					};
				};
			};
			buildConfigurationList = CEC8E07528CBD35400388EB6 /* Build configuration list for PBXProject "Convert It!" */;
			compatibilityVersion = "Xcode 13.0";
			developmentRegion = en;
			hasScannedForEncodings = 0;
			knownRegions = (
				en,
				Base,
			);
			mainGroup = CEC8E07128CBD35400388EB6;
			productRefGroup = CEC8E07B28CBD35400388EB6 /* Products */;
			projectDirPath = "";
			projectRoot = "";
			targets = (
				CEC8E07928CBD35400388EB6 /* Convert It! */,
			);
		};
/* End PBXProject section */

/* Begin PBXResourcesBuildPhase section */
		CEC8E07828CBD35400388EB6 /* Resources */ = {
			isa = PBXResourcesBuildPhase;
			buildActionMask = 2147483647;
			files = (
				CEC8E08528CBD35600388EB6 /* Preview Assets.xcassets in Resources */,
				CEC8E08228CBD35600388EB6 /* Assets.xcassets in Resources */,
			);
			runOnlyForDeploymentPostprocessing = 0;
		};
/* End PBXResourcesBuildPhase section */

/* Begin PBXSourcesBuildPhase section */
		CEC8E07628CBD35400388EB6 /* Sources */ = {
			isa = PBXSourcesBuildPhase;
			buildActionMask = 2147483647;
			files = (
				CEC8E09D28CCBD9500388EB6 /* TimeConversions.swift in Sources */,
				CEC8E09628CBDA5D00388EB6 /* VolumeView.swift in Sources */,
				CEC8E08028CBD35400388EB6 /* MainView.swift in Sources */,
				CEC8E09828CBDAE800388EB6 /* TempConversions.swift in Sources */,
				CEC8E09228CBDA3000388EB6 /* LengthView.swift in Sources */,
				CEC8E09028CBD55F00388EB6 /* TempView.swift in Sources */,
				CEC8E07E28CBD35400388EB6 /* Convert_It_App.swift in Sources */,
				CEC8E09428CBDA4A00388EB6 /* TimeView.swift in Sources */,
			);
			runOnlyForDeploymentPostprocessing = 0;
		};
/* End PBXSourcesBuildPhase section */

/* Begin XCBuildConfiguration section */
		CEC8E08628CBD35600388EB6 /* Debug */ = {
			isa = XCBuildConfiguration;
			buildSettings = {
				ALWAYS_SEARCH_USER_PATHS = NO;
				CLANG_ANALYZER_NONNULL = YES;
				CLANG_ANALYZER_NUMBER_OBJECT_CONVERSION = YES_AGGRESSIVE;
				CLANG_CXX_LANGUAGE_STANDARD = "gnu++17";
				CLANG_ENABLE_MODULES = YES;
				CLANG_ENABLE_OBJC_ARC = YES;
				CLANG_ENABLE_OBJC_WEAK = YES;
				CLANG_WARN_BLOCK_CAPTURE_AUTORELEASING = YES;
				CLANG_WARN_BOOL_CONVERSION = YES;
				CLANG_WARN_COMMA = YES;
				CLANG_WARN_CONSTANT_CONVERSION = YES;
				CLANG_WARN_DEPRECATED_OBJC_IMPLEMENTATIONS = YES;
				CLANG_WARN_DIRECT_OBJC_ISA_USAGE = YES_ERROR;
				CLANG_WARN_DOCUMENTATION_COMMENTS = YES;
				CLANG_WARN_EMPTY_BODY = YES;
				CLANG_WARN_ENUM_CONVERSION = YES;
				CLANG_WARN_INFINITE_RECURSION = YES;
				CLANG_WARN_INT_CONVERSION = YES;
				CLANG_WARN_NON_LITERAL_NULL_CONVERSION = YES;
				CLANG_WARN_OBJC_IMPLICIT_RETAIN_SELF = YES;
				CLANG_WARN_OBJC_LITERAL_CONVERSION = YES;
				CLANG_WARN_OBJC_ROOT_CLASS = YES_ERROR;
				CLANG_WARN_QUOTED_INCLUDE_IN_FRAMEWORK_HEADER = YES;
				CLANG_WARN_RANGE_LOOP_ANALYSIS = YES;
				CLANG_WARN_STRICT_PROTOTYPES = YES;
				CLANG_WARN_SUSPICIOUS_MOVE = YES;
				CLANG_WARN_UNGUARDED_AVAILABILITY = YES_AGGRESSIVE;
				CLANG_WARN_UNREACHABLE_CODE = YES;
				CLANG_WARN__DUPLICATE_METHOD_MATCH = YES;
				COPY_PHASE_STRIP = NO;
				DEBUG_INFORMATION_FORMAT = dwarf;
				ENABLE_STRICT_OBJC_MSGSEND = YES;
				ENABLE_TESTABILITY = YES;
				GCC_C_LANGUAGE_STANDARD = gnu11;
				GCC_DYNAMIC_NO_PIC = NO;
				GCC_NO_COMMON_BLOCKS = YES;
				GCC_OPTIMIZATION_LEVEL = 0;
				GCC_PREPROCESSOR_DEFINITIONS = (
					"DEBUG=1",
					"$(inherited)",
				);
				GCC_WARN_64_TO_32_BIT_CONVERSION = YES;
				GCC_WARN_ABOUT_RETURN_TYPE = YES_ERROR;
				GCC_WARN_UNDECLARED_SELECTOR = YES;
				GCC_WARN_UNINITIALIZED_AUTOS = YES_AGGRESSIVE;
				GCC_WARN_UNUSED_FUNCTION = YES;
				GCC_WARN_UNUSED_VARIABLE = YES;
				INFOPLIST_KEY_UISupportedInterfaceOrientations_iPhone = "";
				IPHONEOS_DEPLOYMENT_TARGET = 15.5;
				MTL_ENABLE_DEBUG_INFO = INCLUDE_SOURCE;
				MTL_FAST_MATH = YES;
				ONLY_ACTIVE_ARCH = YES;
				SDKROOT = iphoneos;
				SWIFT_ACTIVE_COMPILATION_CONDITIONS = DEBUG;
				SWIFT_OPTIMIZATION_LEVEL = "-Onone";
			};
			name = Debug;
		};
		CEC8E08728CBD35600388EB6 /* Release */ = {
			isa = XCBuildConfiguration;
			buildSettings = {
				ALWAYS_SEARCH_USER_PATHS = NO;
				CLANG_ANALYZER_NONNULL = YES;
				CLANG_ANALYZER_NUMBER_OBJECT_CONVERSION = YES_AGGRESSIVE;
				CLANG_CXX_LANGUAGE_STANDARD = "gnu++17";
				CLANG_ENABLE_MODULES = YES;
				CLANG_ENABLE_OBJC_ARC = YES;
				CLANG_ENABLE_OBJC_WEAK = YES;
				CLANG_WARN_BLOCK_CAPTURE_AUTORELEASING = YES;
				CLANG_WARN_BOOL_CONVERSION = YES;
				CLANG_WARN_COMMA = YES;
				CLANG_WARN_CONSTANT_CONVERSION = YES;
				CLANG_WARN_DEPRECATED_OBJC_IMPLEMENTATIONS = YES;
				CLANG_WARN_DIRECT_OBJC_ISA_USAGE = YES_ERROR;
				CLANG_WARN_DOCUMENTATION_COMMENTS = YES;
				CLANG_WARN_EMPTY_BODY = YES;
				CLANG_WARN_ENUM_CONVERSION = YES;
				CLANG_WARN_INFINITE_RECURSION = YES;
				CLANG_WARN_INT_CONVERSION = YES;
				CLANG_WARN_NON_LITERAL_NULL_CONVERSION = YES;
				CLANG_WARN_OBJC_IMPLICIT_RETAIN_SELF = YES;
				CLANG_WARN_OBJC_LITERAL_CONVERSION = YES;
				CLANG_WARN_OBJC_ROOT_CLASS = YES_ERROR;
				CLANG_WARN_QUOTED_INCLUDE_IN_FRAMEWORK_HEADER = YES;
				CLANG_WARN_RANGE_LOOP_ANALYSIS = YES;
				CLANG_WARN_STRICT_PROTOTYPES = YES;
				CLANG_WARN_SUSPICIOUS_MOVE = YES;
				CLANG_WARN_UNGUARDED_AVAILABILITY = YES_AGGRESSIVE;
				CLANG_WARN_UNREACHABLE_CODE = YES;
				CLANG_WARN__DUPLICATE_METHOD_MATCH = YES;
				COPY_PHASE_STRIP = NO;
				DEBUG_INFORMATION_FORMAT = "dwarf-with-dsym";
				ENABLE_NS_ASSERTIONS = NO;
				ENABLE_STRICT_OBJC_MSGSEND = YES;
				GCC_C_LANGUAGE_STANDARD = gnu11;
				GCC_NO_COMMON_BLOCKS = YES;
				GCC_WARN_64_TO_32_BIT_CONVERSION = YES;
				GCC_WARN_ABOUT_RETURN_TYPE = YES_ERROR;
				GCC_WARN_UNDECLARED_SELECTOR = YES;
				GCC_WARN_UNINITIALIZED_AUTOS = YES_AGGRESSIVE;
				GCC_WARN_UNUSED_FUNCTION = YES;
				GCC_WARN_UNUSED_VARIABLE = YES;
				INFOPLIST_KEY_UISupportedInterfaceOrientations_iPhone = "";
				IPHONEOS_DEPLOYMENT_TARGET = 15.5;
				MTL_ENABLE_DEBUG_INFO = NO;
				MTL_FAST_MATH = YES;
				SDKROOT = iphoneos;
				SWIFT_COMPILATION_MODE = wholemodule;
				SWIFT_OPTIMIZATION_LEVEL = "-O";
				VALIDATE_PRODUCT = YES;
			};
			name = Release;
		};
		CEC8E08928CBD35600388EB6 /* Debug */ = {
			isa = XCBuildConfiguration;
			buildSettings = {
				ASSETCATALOG_COMPILER_APPICON_NAME = AppIcon;
				ASSETCATALOG_COMPILER_GLOBAL_ACCENT_COLOR_NAME = AccentColor;
				CODE_SIGN_STYLE = Automatic;
				CURRENT_PROJECT_VERSION = 1;
				DEVELOPMENT_ASSET_PATHS = "\"Convert It!/Preview Content\"";
				DEVELOPMENT_TEAM = SLB347Y94F;
				ENABLE_PREVIEWS = YES;
				GENERATE_INFOPLIST_FILE = YES;
				INFOPLIST_FILE = "Convert-It--Info.plist";
				INFOPLIST_KEY_UIApplicationSceneManifest_Generation = YES;
				INFOPLIST_KEY_UIApplicationSupportsIndirectInputEvents = YES;
				INFOPLIST_KEY_UILaunchScreen_Generation = YES;
				INFOPLIST_KEY_UISupportedInterfaceOrientations = UIInterfaceOrientationPortrait;
				INFOPLIST_KEY_UISupportedInterfaceOrientations_iPad = UIInterfaceOrientationPortrait;
				INFOPLIST_KEY_UISupportedInterfaceOrientations_iPhone = "UIInterfaceOrientationPortrait UIInterfaceOrientationLandscapeLeft UIInterfaceOrientationLandscapeRight";
				LD_RUNPATH_SEARCH_PATHS = (
					"$(inherited)",
					"@executable_path/Frameworks",
				);
				MARKETING_VERSION = 1.0;
				PRODUCT_BUNDLE_IDENTIFIER = "info.arthurford.Convert-It-";
				PRODUCT_NAME = "$(TARGET_NAME)";
				SWIFT_EMIT_LOC_STRINGS = YES;
				SWIFT_VERSION = 5.0;
				TARGETED_DEVICE_FAMILY = 1;
			};
			name = Debug;
		};
		CEC8E08A28CBD35600388EB6 /* Release */ = {
			isa = XCBuildConfiguration;
			buildSettings = {
				ASSETCATALOG_COMPILER_APPICON_NAME = AppIcon;
				ASSETCATALOG_COMPILER_GLOBAL_ACCENT_COLOR_NAME = AccentColor;
				CODE_SIGN_STYLE = Automatic;
				CURRENT_PROJECT_VERSION = 1;
				DEVELOPMENT_ASSET_PATHS = "\"Convert It!/Preview Content\"";
				DEVELOPMENT_TEAM = SLB347Y94F;
				ENABLE_PREVIEWS = YES;
				GENERATE_INFOPLIST_FILE = YES;
				INFOPLIST_FILE = "Convert-It--Info.plist";
				INFOPLIST_KEY_UIApplicationSceneManifest_Generation = YES;
				INFOPLIST_KEY_UIApplicationSupportsIndirectInputEvents = YES;
				INFOPLIST_KEY_UILaunchScreen_Generation = YES;
				INFOPLIST_KEY_UISupportedInterfaceOrientations = UIInterfaceOrientationPortrait;
				INFOPLIST_KEY_UISupportedInterfaceOrientations_iPad = UIInterfaceOrientationPortrait;
				INFOPLIST_KEY_UISupportedInterfaceOrientations_iPhone = "UIInterfaceOrientationPortrait UIInterfaceOrientationLandscapeLeft UIInterfaceOrientationLandscapeRight";
				LD_RUNPATH_SEARCH_PATHS = (
					"$(inherited)",
					"@executable_path/Frameworks",
				);
				MARKETING_VERSION = 1.0;
				PRODUCT_BUNDLE_IDENTIFIER = "info.arthurford.Convert-It-";
				PRODUCT_NAME = "$(TARGET_NAME)";
				SWIFT_EMIT_LOC_STRINGS = YES;
				SWIFT_VERSION = 5.0;
				TARGETED_DEVICE_FAMILY = 1;
			};
			name = Release;
		};
/* End XCBuildConfiguration section */

/* Begin XCConfigurationList section */
		CEC8E07528CBD35400388EB6 /* Build configuration list for PBXProject "Convert It!" */ = {
			isa = XCConfigurationList;
			buildConfigurations = (
				CEC8E08628CBD35600388EB6 /* Debug */,
				CEC8E08728CBD35600388EB6 /* Release */,
			);
			defaultConfigurationIsVisible = 0;
			defaultConfigurationName = Release;
		};
		CEC8E08828CBD35600388EB6 /* Build configuration list for PBXNativeTarget "Convert It!" */ = {
			isa = XCConfigurationList;
			buildConfigurations = (
				CEC8E08928CBD35600388EB6 /* Debug */,
				CEC8E08A28CBD35600388EB6 /* Release */,
			);
			defaultConfigurationIsVisible = 0;
			defaultConfigurationName = Release;
		};
/* End XCConfigurationList section */
	};
	rootObject = CEC8E07228CBD35400388EB6 /* Project object */;
}
